# generated by rye
# use `rye lock` or `rye sync` to update this lockfile
#
# last locked with the following flags:
#   pre: false
#   features: []
#   all-features: false
#   with-sources: false
#   generate-hashes: false
#   universal: false

-e file:.
aiofiles==24.1.0
    # via bot
aiohttp==3.9.3
    # via bot
    # via discord-py
aiosignal==1.3.1
    # via aiohttp
aiosqlite==0.20.0
    # via bot
astunparse==1.6.3
    # via import-expression
attrs==23.2.0
    # via aiohttp
braceexpand==0.1.7
    # via jishaku
certifi==2024.2.2
    # via bot
    # via requests
    # via sentry-sdk
charset-normalizer==3.3.2
    # via requests
click==8.1.7
    # via jishaku
contourpy==1.2.1
    # via matplotlib
cycler==0.12.1
    # via matplotlib
discord-py==2.3.2
    # via bot
dnspython==2.6.1
    # via pymongo
feedparser==6.0.11
    # via bot
fonttools==4.50.0
    # via matplotlib
frozenlist==1.4.1
    # via aiohttp
    # via aiosignal
humanize==4.9.0
    # via bot
idna==3.6
    # via requests
    # via yarl
import-expression==1.1.4
    # via jishaku
jishaku==2.5.2
    # via bot
kiwisolver==1.4.5
    # via matplotlib
matplotlib==3.8.4
    # via wordcloud
multidict==6.0.5
    # via aiohttp
    # via yarl
numpy==1.26.4
    # via contourpy
    # via matplotlib
    # via wordcloud
packaging==24.0
    # via matplotlib
pillow==10.4.0
    # via bot
    # via matplotlib
    # via wordcloud
pymongo==4.6.3
    # via bot
pyparsing==3.1.2
    # via matplotlib
python-dateutil==2.9.0.post0
    # via matplotlib
python-dotenv==1.0.1
    # via bot
requests==2.31.0
    # via bot
sentry-sdk==2.13.0
    # via bot
sgmllib3k==1.0.0
    # via feedparser
six==1.16.0
    # via astunparse
    # via python-dateutil
typing-extensions==4.12.2
    # via aiosqlite
urllib3==2.2.1
    # via requests
    # via sentry-sdk
wheel==0.43.0
    # via astunparse
wordcloud==1.9.3
    # via bot
yarl==1.9.4
    # via aiohttp
